
Microsoft Visual Studio Solution File, Format Version 12.00
Project("{FAE04EC0-301F-11D3-BF4B-00C04F79EFBC}") = "PasswordValidationKata", "PasswordValidationKata\PasswordValidationKata.csproj", "{791CD129-A5B2-404A-A88C-B19B56826552}"
EndProject
Project("{FAE04EC0-301F-11D3-BF4B-00C04F79EFBC}") = "PasswordValidationKata.Tests", "PasswordValidationKata.Tests\PasswordValidationKata.Tests.csproj", "{9B1B4455-53F5-4758-B3D7-1B20B66669AE}"
EndProject
Global
	GlobalSection(SolutionConfigurationPlatforms) = preSolution
		Debug|Any CPU = Debug|Any CPU
		Release|Any CPU = Release|Any CPU
	EndGlobalSection
	GlobalSection(ProjectConfigurationPlatforms) = postSolution
		{791CD129-A5B2-404A-A88C-B19B56826552}.Debug|Any CPU.ActiveCfg = Debug|Any CPU
		{791CD129-A5B2-404A-A88C-B19B56826552}.Debug|Any CPU.Build.0 = Debug|Any CPU
		{791CD129-A5B2-404A-A88C-B19B56826552}.Release|Any CPU.ActiveCfg = Release|Any CPU
		{791CD129-A5B2-404A-A88C-B19B56826552}.Release|Any CPU.Build.0 = Release|Any CPU
		{9B1B4455-53F5-4758-B3D7-1B20B66669AE}.Debug|Any CPU.ActiveCfg = Debug|Any CPU
		{9B1B4455-53F5-4758-B3D7-1B20B66669AE}.Debug|Any CPU.Build.0 = Debug|Any CPU
		{9B1B4455-53F5-4758-B3D7-1B20B66669AE}.Release|Any CPU.ActiveCfg = Release|Any CPU
		{9B1B4455-53F5-4758-B3D7-1B20B66669AE}.Release|Any CPU.Build.0 = Release|Any CPU
	EndGlobalSection
EndGlobal
